
Microsoft Visual Studio Solution File, Format Version 12.00
# Visual Studio 14
VisualStudioVersion = 14.0.25123.0
MinimumVisualStudioVersion = 10.0.40219.1
Project("{FAE04EC0-301F-11D3-BF4B-00C04F79EFBC}") = "OPC_1", "OPC_1.csproj", "{91E01294-CFA5-4782-BD0C-03B125DEA0CC}"
EndProject
Project("{FAE04EC0-301F-11D3-BF4B-00C04F79EFBC}") = "OPC_1_Oplossing", "..\OPC_1_Oplossing\OPC_1_Oplossing.csproj", "{E082596F-CBB3-47B2-AFE5-CD771B40F1E7}"
EndProject
Project("{FAE04EC0-301F-11D3-BF4B-00C04F79EFBC}") = "OPC_1_Uitbreiding", "..\OPC_1_Uitbreiding\OPC_1_Uitbreiding.csproj", "{D56B12F3-9AB5-459C-92A9-A1D06D5E8C6C}"
EndProject
Project("{FAE04EC0-301F-11D3-BF4B-00C04F79EFBC}") = "OPC_2", "..\OPC_2\OPC_2.csproj", "{A0986EE9-D873-4383-A8DB-F14B1BCEAD5E}"
EndProject
Project("{FAE04EC0-301F-11D3-BF4B-00C04F79EFBC}") = "ISP_1", "..\ISP_1\ISP_1.csproj", "{9DE45B5C-1C02-4523-8697-C89DA21FE41E}"
EndProject
Project("{FAE04EC0-301F-11D3-BF4B-00C04F79EFBC}") = "ISP_1_Oplossing", "..\ISP_1_Oplossing\ISP_1_Oplossing.csproj", "{A4D1A5E1-0E2D-4B14-A220-52992A7B0598}"
EndProject
Project("{FAE04EC0-301F-11D3-BF4B-00C04F79EFBC}") = "LSP_1", "..\LSP_1\LSP_1.csproj", "{7C8543A8-C62B-4C4D-9C49-2D4DBE15349D}"
EndProject
Project("{FAE04EC0-301F-11D3-BF4B-00C04F79EFBC}") = "LSP_1_Test", "..\LSP_1_Test\LSP_1_Test.csproj", "{C603BED7-7C16-4906-8B39-8C9B3AB39E82}"
EndProject
Project("{FAE04EC0-301F-11D3-BF4B-00C04F79EFBC}") = "SRP_1", "..\SRP_1\SRP_1.csproj", "{C60765B3-AD72-4CEE-ABA4-A1C6C68DBC70}"
EndProject
Project("{FAE04EC0-301F-11D3-BF4B-00C04F79EFBC}") = "SRP_1_Oplossing", "..\SRP_1_Oplossing\SRP_1_Oplossing.csproj", "{ED491C00-CAA3-4EB9-B859-848E4B6C07F3}"
EndProject
Project("{FAE04EC0-301F-11D3-BF4B-00C04F79EFBC}") = "SRP_2", "..\SRP_2\SRP_2.csproj", "{E37BA0A6-8A40-4FB8-AC16-C4E82CFB9B03}"
EndProject
Project("{FAE04EC0-301F-11D3-BF4B-00C04F79EFBC}") = "SRP_2_Oplossing", "..\SRP_2_Oplossing\SRP_2_Oplossing.csproj", "{C2CB2D14-A7AC-46E2-9FA6-6DE623092072}"
EndProject
Project("{FAE04EC0-301F-11D3-BF4B-00C04F79EFBC}") = "DIP_TP_1", "..\DIP_TP_1\DIP_TP_1.csproj", "{DBEED78B-6435-4985-A077-FF2CBA118303}"
EndProject
Project("{FAE04EC0-301F-11D3-BF4B-00C04F79EFBC}") = "DIP_TP_2", "DIP_TP_2\DIP_TP_2.csproj", "{2063D8C6-FBE1-420D-96C3-20BA6ABE90A4}"
EndProject
Project("{FAE04EC0-301F-11D3-BF4B-00C04F79EFBC}") = "LSP_Oplossing", "LSP_Oplossing\LSP_Oplossing.csproj", "{99BD8490-2BDD-4B12-87BB-D26346248C23}"
EndProject
Global
	GlobalSection(SolutionConfigurationPlatforms) = preSolution
		Debug|Any CPU = Debug|Any CPU
		Release|Any CPU = Release|Any CPU
	EndGlobalSection
	GlobalSection(ProjectConfigurationPlatforms) = postSolution
		{91E01294-CFA5-4782-BD0C-03B125DEA0CC}.Debug|Any CPU.ActiveCfg = Debug|Any CPU
		{91E01294-CFA5-4782-BD0C-03B125DEA0CC}.Debug|Any CPU.Build.0 = Debug|Any CPU
		{91E01294-CFA5-4782-BD0C-03B125DEA0CC}.Release|Any CPU.ActiveCfg = Release|Any CPU
		{91E01294-CFA5-4782-BD0C-03B125DEA0CC}.Release|Any CPU.Build.0 = Release|Any CPU
		{E082596F-CBB3-47B2-AFE5-CD771B40F1E7}.Debug|Any CPU.ActiveCfg = Debug|Any CPU
		{E082596F-CBB3-47B2-AFE5-CD771B40F1E7}.Debug|Any CPU.Build.0 = Debug|Any CPU
		{E082596F-CBB3-47B2-AFE5-CD771B40F1E7}.Release|Any CPU.ActiveCfg = Release|Any CPU
		{E082596F-CBB3-47B2-AFE5-CD771B40F1E7}.Release|Any CPU.Build.0 = Release|Any CPU
		{D56B12F3-9AB5-459C-92A9-A1D06D5E8C6C}.Debug|Any CPU.ActiveCfg = Debug|Any CPU
		{D56B12F3-9AB5-459C-92A9-A1D06D5E8C6C}.Debug|Any CPU.Build.0 = Debug|Any CPU
		{D56B12F3-9AB5-459C-92A9-A1D06D5E8C6C}.Release|Any CPU.ActiveCfg = Release|Any CPU
		{D56B12F3-9AB5-459C-92A9-A1D06D5E8C6C}.Release|Any CPU.Build.0 = Release|Any CPU
		{A0986EE9-D873-4383-A8DB-F14B1BCEAD5E}.Debug|Any CPU.ActiveCfg = Debug|Any CPU
		{A0986EE9-D873-4383-A8DB-F14B1BCEAD5E}.Debug|Any CPU.Build.0 = Debug|Any CPU
		{A0986EE9-D873-4383-A8DB-F14B1BCEAD5E}.Release|Any CPU.ActiveCfg = Release|Any CPU
		{A0986EE9-D873-4383-A8DB-F14B1BCEAD5E}.Release|Any CPU.Build.0 = Release|Any CPU
		{9DE45B5C-1C02-4523-8697-C89DA21FE41E}.Debug|Any CPU.ActiveCfg = Debug|Any CPU
		{9DE45B5C-1C02-4523-8697-C89DA21FE41E}.Debug|Any CPU.Build.0 = Debug|Any CPU
		{9DE45B5C-1C02-4523-8697-C89DA21FE41E}.Release|Any CPU.ActiveCfg = Release|Any CPU
		{9DE45B5C-1C02-4523-8697-C89DA21FE41E}.Release|Any CPU.Build.0 = Release|Any CPU
		{A4D1A5E1-0E2D-4B14-A220-52992A7B0598}.Debug|Any CPU.ActiveCfg = Debug|Any CPU
		{A4D1A5E1-0E2D-4B14-A220-52992A7B0598}.Debug|Any CPU.Build.0 = Debug|Any CPU
		{A4D1A5E1-0E2D-4B14-A220-52992A7B0598}.Release|Any CPU.ActiveCfg = Release|Any CPU
		{A4D1A5E1-0E2D-4B14-A220-52992A7B0598}.Release|Any CPU.Build.0 = Release|Any CPU
		{7C8543A8-C62B-4C4D-9C49-2D4DBE15349D}.Debug|Any CPU.ActiveCfg = Debug|Any CPU
		{7C8543A8-C62B-4C4D-9C49-2D4DBE15349D}.Debug|Any CPU.Build.0 = Debug|Any CPU
		{7C8543A8-C62B-4C4D-9C49-2D4DBE15349D}.Release|Any CPU.ActiveCfg = Release|Any CPU
		{7C8543A8-C62B-4C4D-9C49-2D4DBE15349D}.Release|Any CPU.Build.0 = Release|Any CPU
		{C603BED7-7C16-4906-8B39-8C9B3AB39E82}.Debug|Any CPU.ActiveCfg = Debug|Any CPU
		{C603BED7-7C16-4906-8B39-8C9B3AB39E82}.Debug|Any CPU.Build.0 = Debug|Any CPU
		{C603BED7-7C16-4906-8B39-8C9B3AB39E82}.Release|Any CPU.ActiveCfg = Release|Any CPU
		{C603BED7-7C16-4906-8B39-8C9B3AB39E82}.Release|Any CPU.Build.0 = Release|Any CPU
		{C60765B3-AD72-4CEE-ABA4-A1C6C68DBC70}.Debug|Any CPU.ActiveCfg = Debug|Any CPU
		{C60765B3-AD72-4CEE-ABA4-A1C6C68DBC70}.Debug|Any CPU.Build.0 = Debug|Any CPU
		{C60765B3-AD72-4CEE-ABA4-A1C6C68DBC70}.Release|Any CPU.ActiveCfg = Release|Any CPU
		{C60765B3-AD72-4CEE-ABA4-A1C6C68DBC70}.Release|Any CPU.Build.0 = Release|Any CPU
		{ED491C00-CAA3-4EB9-B859-848E4B6C07F3}.Debug|Any CPU.ActiveCfg = Debug|Any CPU
		{ED491C00-CAA3-4EB9-B859-848E4B6C07F3}.Debug|Any CPU.Build.0 = Debug|Any CPU
		{ED491C00-CAA3-4EB9-B859-848E4B6C07F3}.Release|Any CPU.ActiveCfg = Release|Any CPU
		{ED491C00-CAA3-4EB9-B859-848E4B6C07F3}.Release|Any CPU.Build.0 = Release|Any CPU
		{E37BA0A6-8A40-4FB8-AC16-C4E82CFB9B03}.Debug|Any CPU.ActiveCfg = Debug|Any CPU
		{E37BA0A6-8A40-4FB8-AC16-C4E82CFB9B03}.Debug|Any CPU.Build.0 = Debug|Any CPU
		{E37BA0A6-8A40-4FB8-AC16-C4E82CFB9B03}.Release|Any CPU.ActiveCfg = Release|Any CPU
		{E37BA0A6-8A40-4FB8-AC16-C4E82CFB9B03}.Release|Any CPU.Build.0 = Release|Any CPU
		{C2CB2D14-A7AC-46E2-9FA6-6DE623092072}.Debug|Any CPU.ActiveCfg = Debug|Any CPU
		{C2CB2D14-A7AC-46E2-9FA6-6DE623092072}.Debug|Any CPU.Build.0 = Debug|Any CPU
		{C2CB2D14-A7AC-46E2-9FA6-6DE623092072}.Release|Any CPU.ActiveCfg = Release|Any CPU
		{C2CB2D14-A7AC-46E2-9FA6-6DE623092072}.Release|Any CPU.Build.0 = Release|Any CPU
		{DBEED78B-6435-4985-A077-FF2CBA118303}.Debug|Any CPU.ActiveCfg = Debug|Any CPU
		{DBEED78B-6435-4985-A077-FF2CBA118303}.Debug|Any CPU.Build.0 = Debug|Any CPU
		{DBEED78B-6435-4985-A077-FF2CBA118303}.Release|Any CPU.ActiveCfg = Release|Any CPU
		{DBEED78B-6435-4985-A077-FF2CBA118303}.Release|Any CPU.Build.0 = Release|Any CPU
		{2063D8C6-FBE1-420D-96C3-20BA6ABE90A4}.Debug|Any CPU.ActiveCfg = Debug|Any CPU
		{2063D8C6-FBE1-420D-96C3-20BA6ABE90A4}.Debug|Any CPU.Build.0 = Debug|Any CPU
		{2063D8C6-FBE1-420D-96C3-20BA6ABE90A4}.Release|Any CPU.ActiveCfg = Release|Any CPU
		{2063D8C6-FBE1-420D-96C3-20BA6ABE90A4}.Release|Any CPU.Build.0 = Release|Any CPU
		{99BD8490-2BDD-4B12-87BB-D26346248C23}.Debug|Any CPU.ActiveCfg = Debug|Any CPU
		{99BD8490-2BDD-4B12-87BB-D26346248C23}.Debug|Any CPU.Build.0 = Debug|Any CPU
		{99BD8490-2BDD-4B12-87BB-D26346248C23}.Release|Any CPU.ActiveCfg = Release|Any CPU
		{99BD8490-2BDD-4B12-87BB-D26346248C23}.Release|Any CPU.Build.0 = Release|Any CPU
	EndGlobalSection
	GlobalSection(SolutionProperties) = preSolution
		HideSolutionNode = FALSE
	EndGlobalSection
EndGlobal
